{
    "_readme": [
        "This file locks the dependencies of your project to a known state",
        "Read more about it at https://getcomposer.org/doc/01-basic-usage.md#installing-dependencies",
        "This file is @generated automatically"
    ],
    "content-hash": "b01a2faf93c0e881bba3afb46f275268",
    "packages": [
        {
            "name": "panwenbin/curl",
            "version": "0.2.0",
            "source": {
                "type": "git",
                "url": "https://github.com/panwenbin/curl.git",
                "reference": "d83fc9f92ce40c9d1c75c294cd77cbb5b4e4ef8c"
            },
            "dist": {
                "type": "zip",
                "url": "https://api.github.com/repos/panwenbin/curl/zipball/d83fc9f92ce40c9d1c75c294cd77cbb5b4e4ef8c",
                "reference": "d83fc9f92ce40c9d1c75c294cd77cbb5b4e4ef8c",
                "shasum": ""
            },
            "require": {
                "ext-curl": "*",
                "php": ">=5.4.0"
            },
            "type": "library",
            "autoload": {
                "psr-4": {
                    "panwenbin\\helper\\": ""
                }
            },
            "notification-url": "https://packagist.org/downloads/",
            "license": [
                "MIT"
            ],
            "authors": [
                {
                    "name": "Pan Wenbin",
                    "email": "panwenbin@gmail.com"
                }
            ],
            "description": "curl简单封装",
            "keywords": [
                "curl"
            ],
            "time": "2018-06-10T09:47:55+00:00"
        }
    ],
    "packages-dev": [],
    "aliases": [],
    "minimum-stability": "stable",
    "stability-flags": [],
    "prefer-stable": false,
    "prefer-lowest": false,
    "platform": {
        "php": ">=7.0.0"
    },
    "platform-dev": []
}
